
Microsoft Visual Studio Solution File, Format Version 12.00
# Visual Studio Version 16
VisualStudioVersion = 16.0.31410.357
MinimumVisualStudioVersion = 10.0.40219.1
Project("{F184B08F-C81C-45F6-A57F-5ABD9991F28F}") = "DataGloveGUI", "DataGloveGUI\DataGloveGUI.vbproj", "{D2A7F89A-9026-4E32-8A72-A574515A1A41}"
EndProject
Global
	GlobalSection(SolutionConfigurationPlatforms) = preSolution
		Debug|Any CPU = Debug|Any CPU
		Release|Any CPU = Release|Any CPU
	EndGlobalSection
	GlobalSection(ProjectConfigurationPlatforms) = postSolution
		{D2A7F89A-9026-4E32-8A72-A574515A1A41}.Debug|Any CPU.ActiveCfg = Debug|Any CPU
		{D2A7F89A-9026-4E32-8A72-A574515A1A41}.Debug|Any CPU.Build.0 = Debug|Any CPU
		{D2A7F89A-9026-4E32-8A72-A574515A1A41}.Release|Any CPU.ActiveCfg = Release|Any CPU
		{D2A7F89A-9026-4E32-8A72-A574515A1A41}.Release|Any CPU.Build.0 = Release|Any CPU
	EndGlobalSection
	GlobalSection(SolutionProperties) = preSolution
		HideSolutionNode = FALSE
	EndGlobalSection
	GlobalSection(ExtensibilityGlobals) = postSolution
		SolutionGuid = {B83E9D36-DAC6-4CAA-8E90-B5B70C285ABC}
	EndGlobalSection
EndGlobal
